
Microsoft Visual Studio Solution File, Format Version 11.00
# Visual Studio 2010
Project("{FAE04EC0-301F-11D3-BF4B-00C04F79EFBC}") = "Soft.Reporte.Entidades", "Soft.Reporte.Entidades\Soft.Reporte.Entidades.csproj", "{89B50B59-F803-4707-9ADF-32C06872C993}"
EndProject
Project("{FAE04EC0-301F-11D3-BF4B-00C04F79EFBC}") = "Soft.Reporte.Win", "Soft.Reporte.Win\Soft.Reporte.Win.csproj", "{195747FC-5BCD-4DCA-8437-F02B17760031}"
EndProject
Global
	GlobalSection(SolutionConfigurationPlatforms) = preSolution
		Debug|Any CPU = Debug|Any CPU
		Release|Any CPU = Release|Any CPU
	EndGlobalSection
	GlobalSection(ProjectConfigurationPlatforms) = postSolution
		{89B50B59-F803-4707-9ADF-32C06872C993}.Debug|Any CPU.ActiveCfg = Debug|Any CPU
		{89B50B59-F803-4707-9ADF-32C06872C993}.Debug|Any CPU.Build.0 = Debug|Any CPU
		{89B50B59-F803-4707-9ADF-32C06872C993}.Release|Any CPU.ActiveCfg = Release|Any CPU
		{89B50B59-F803-4707-9ADF-32C06872C993}.Release|Any CPU.Build.0 = Release|Any CPU
		{195747FC-5BCD-4DCA-8437-F02B17760031}.Debug|Any CPU.ActiveCfg = Debug|Any CPU
		{195747FC-5BCD-4DCA-8437-F02B17760031}.Debug|Any CPU.Build.0 = Debug|Any CPU
		{195747FC-5BCD-4DCA-8437-F02B17760031}.Release|Any CPU.ActiveCfg = Release|Any CPU
		{195747FC-5BCD-4DCA-8437-F02B17760031}.Release|Any CPU.Build.0 = Release|Any CPU
	EndGlobalSection
	GlobalSection(SolutionProperties) = preSolution
		HideSolutionNode = FALSE
	EndGlobalSection
	GlobalSection(ExtensibilityGlobals) = postSolution
		VisualSVNWorkingCopyRoot = .
	EndGlobalSection
EndGlobal
